
Microsoft Visual Studio Solution File, Format Version 12.00
# Visual Studio 15
VisualStudioVersion = 15.0.28010.2036
MinimumVisualStudioVersion = 10.0.40219.1
Project("{8BC9CEB8-8B4A-11D0-8D11-00A0C91BC942}") = "HW", "HW\HW.vcxproj", "{9F30EA63-99F4-41D1-8B62-C021FE54361B}"
EndProject
Global
	GlobalSection(SolutionConfigurationPlatforms) = preSolution
		Debug|x64 = Debug|x64
		Debug|x86 = Debug|x86
		Release|x64 = Release|x64
		Release|x86 = Release|x86
	EndGlobalSection
	GlobalSection(ProjectConfigurationPlatforms) = postSolution
		{9F30EA63-99F4-41D1-8B62-C021FE54361B}.Debug|x64.ActiveCfg = Debug|x64
		{9F30EA63-99F4-41D1-8B62-C021FE54361B}.Debug|x64.Build.0 = Debug|x64
		{9F30EA63-99F4-41D1-8B62-C021FE54361B}.Debug|x86.ActiveCfg = Debug|Win32
		{9F30EA63-99F4-41D1-8B62-C021FE54361B}.Debug|x86.Build.0 = Debug|Win32
		{9F30EA63-99F4-41D1-8B62-C021FE54361B}.Release|x64.ActiveCfg = Release|x64
		{9F30EA63-99F4-41D1-8B62-C021FE54361B}.Release|x64.Build.0 = Release|x64
		{9F30EA63-99F4-41D1-8B62-C021FE54361B}.Release|x86.ActiveCfg = Release|Win32
		{9F30EA63-99F4-41D1-8B62-C021FE54361B}.Release|x86.Build.0 = Release|Win32
	EndGlobalSection
	GlobalSection(SolutionProperties) = preSolution
		HideSolutionNode = FALSE
	EndGlobalSection
	GlobalSection(ExtensibilityGlobals) = postSolution
		SolutionGuid = {6C8057A6-FCF6-4198-81AF-AF270721A2F5}
	EndGlobalSection
EndGlobal
